
Microsoft Visual Studio Solution File, Format Version 12.00
# Visual Studio Version 17
VisualStudioVersion = 17.0.31903.59
MinimumVisualStudioVersion = 10.0.40219.1
Project("{FAE04EC0-301F-11D3-BF4B-00C04F79EFBC}") = "BioDeskPro.UI", "BioDeskPro.UI\BioDeskPro.UI.csproj", "{E3AC147B-9B8E-46E5-875F-68668DD8C3F0}"
EndProject
Project("{FAE04EC0-301F-11D3-BF4B-00C04F79EFBC}") = "BioDeskPro.Core", "BioDeskPro.Core\BioDeskPro.Core.csproj", "{B7062C17-54B8-4A62-8894-0759EB0AC7FC}"
EndProject
Project("{FAE04EC0-301F-11D3-BF4B-00C04F79EFBC}") = "BioDeskPro.Data", "BioDeskPro.Data\BioDeskPro.Data.csproj", "{8A48A80B-8C02-43BE-A220-901A7F9A06B2}"
EndProject
Global
	GlobalSection(SolutionConfigurationPlatforms) = preSolution
		Debug|Any CPU = Debug|Any CPU
		Release|Any CPU = Release|Any CPU
	EndGlobalSection
	GlobalSection(SolutionProperties) = preSolution
		HideSolutionNode = FALSE
	EndGlobalSection
	GlobalSection(ProjectConfigurationPlatforms) = postSolution
		{E3AC147B-9B8E-46E5-875F-68668DD8C3F0}.Debug|Any CPU.ActiveCfg = Debug|Any CPU
		{E3AC147B-9B8E-46E5-875F-68668DD8C3F0}.Debug|Any CPU.Build.0 = Debug|Any CPU
		{E3AC147B-9B8E-46E5-875F-68668DD8C3F0}.Release|Any CPU.ActiveCfg = Release|Any CPU
		{E3AC147B-9B8E-46E5-875F-68668DD8C3F0}.Release|Any CPU.Build.0 = Release|Any CPU
		{B7062C17-54B8-4A62-8894-0759EB0AC7FC}.Debug|Any CPU.ActiveCfg = Debug|Any CPU
		{B7062C17-54B8-4A62-8894-0759EB0AC7FC}.Debug|Any CPU.Build.0 = Debug|Any CPU
		{B7062C17-54B8-4A62-8894-0759EB0AC7FC}.Release|Any CPU.ActiveCfg = Release|Any CPU
		{B7062C17-54B8-4A62-8894-0759EB0AC7FC}.Release|Any CPU.Build.0 = Release|Any CPU
		{8A48A80B-8C02-43BE-A220-901A7F9A06B2}.Debug|Any CPU.ActiveCfg = Debug|Any CPU
		{8A48A80B-8C02-43BE-A220-901A7F9A06B2}.Debug|Any CPU.Build.0 = Debug|Any CPU
		{8A48A80B-8C02-43BE-A220-901A7F9A06B2}.Release|Any CPU.ActiveCfg = Release|Any CPU
		{8A48A80B-8C02-43BE-A220-901A7F9A06B2}.Release|Any CPU.Build.0 = Release|Any CPU
	EndGlobalSection
EndGlobal
